// !$*UTF8*$!
{
	archiveVersion = 1;
	classes = {
	};
	objectVersion = 46;
	objects = {

/* Begin PBXBuildFile section */
		25279C1719E3895100E90E1F /* 10001.plist in CopyFiles */ = {isa = PBXBuildFile; fileRef = 25279C1619E3894800E90E1F /* 10001.plist */; };
		25279C1B19E38E2400E90E1F /* IpaPlistFactory.m in Sources */ = {isa = PBXBuildFile; fileRef = 25279C1A19E38E2400E90E1F /* IpaPlistFactory.m */; };
		25279C1F19E3999900E90E1F /* Xcodebuild.m in Sources */ = {isa = PBXBuildFile; fileRef = 25279C1E19E3999900E90E1F /* Xcodebuild.m */; };
		2563393D19E2767900C4DD35 /* PlistConfig.m in Sources */ = {isa = PBXBuildFile; fileRef = 2563393C19E2767800C4DD35 /* PlistConfig.m */; };
		2563394019E276BD00C4DD35 /* ConfigEntity.m in Sources */ = {isa = PBXBuildFile; fileRef = 2563393F19E276BD00C4DD35 /* ConfigEntity.m */; };
		2568EF191A0A09FD00CDE884 /* publicAppMade in CopyFiles */ = {isa = PBXBuildFile; fileRef = 2568EF181A0A09EB00CDE884 /* publicAppMade */; };
		2568EF1D1A0A0B9400CDE884 /* AppPublicEntity.m in Sources */ = {isa = PBXBuildFile; fileRef = 2568EF1C1A0A0B9400CDE884 /* AppPublicEntity.m */; };
		258701CB19E223580091103B /* main.m in Sources */ = {isa = PBXBuildFile; fileRef = 258701CA19E223580091103B /* main.m */; };
		258701D719E2255E0091103B /* Path.m in Sources */ = {isa = PBXBuildFile; fileRef = 258701D619E2255E0091103B /* Path.m */; };
		258701DA19E22B0C0091103B /* Config.m in Sources */ = {isa = PBXBuildFile; fileRef = 258701D919E22B0C0091103B /* Config.m */; };
		258701E219E233D80091103B /* CustomConfig.m in Sources */ = {isa = PBXBuildFile; fileRef = 258701E119E233D80091103B /* CustomConfig.m */; };
		2587021719E242E30091103B /* ProjectConfig.m in Sources */ = {isa = PBXBuildFile; fileRef = 2587021619E242E30091103B /* ProjectConfig.m */; };
		2587021A19E2446A0091103B /* CertificateParse.m in Sources */ = {isa = PBXBuildFile; fileRef = 2587021919E2446A0091103B /* CertificateParse.m */; };
		2587021E19E249640091103B /* TxtparseOBJ.m in Sources */ = {isa = PBXBuildFile; fileRef = 2587021D19E249640091103B /* TxtparseOBJ.m */; };
		2587022B19E2695D0091103B /* Certificate in CopyFiles */ = {isa = PBXBuildFile; fileRef = 2587022A19E2693D0091103B /* Certificate */; };
		25A7EE8119E4DFD6006C8F6E /* IconConfig.m in Sources */ = {isa = PBXBuildFile; fileRef = 25A7EE8019E4DFD6006C8F6E /* IconConfig.m */; };
		25FB146E19E29502006E2079 /* customMade in CopyFiles */ = {isa = PBXBuildFile; fileRef = 25FB146D19E283E6006E2079 /* customMade */; };
/* End PBXBuildFile section */

/* Begin PBXCopyFilesBuildPhase section */
		258701C519E223580091103B /* CopyFiles */ = {
			isa = PBXCopyFilesBuildPhase;
			buildActionMask = 12;
			dstPath = "";
			dstSubfolderSpec = 16;
			files = (
				2568EF191A0A09FD00CDE884 /* publicAppMade in CopyFiles */,
				25279C1719E3895100E90E1F /* 10001.plist in CopyFiles */,
				25FB146E19E29502006E2079 /* customMade in CopyFiles */,
				2587022B19E2695D0091103B /* Certificate in CopyFiles */,
			);
			runOnlyForDeploymentPostprocessing = 0;
		};
/* End PBXCopyFilesBuildPhase section */

/* Begin PBXFileReference section */
		25279C1619E3894800E90E1F /* 10001.plist */ = {isa = PBXFileReference; fileEncoding = 4; lastKnownFileType = text.plist.xml; path = 10001.plist; sourceTree = "<group>"; };
		25279C1919E38E2400E90E1F /* IpaPlistFactory.h */ = {isa = PBXFileReference; fileEncoding = 4; lastKnownFileType = sourcecode.c.h; path = IpaPlistFactory.h; sourceTree = "<group>"; };
		25279C1A19E38E2400E90E1F /* IpaPlistFactory.m */ = {isa = PBXFileReference; fileEncoding = 4; lastKnownFileType = sourcecode.c.objc; path = IpaPlistFactory.m; sourceTree = "<group>"; };
		25279C1D19E3999900E90E1F /* Xcodebuild.h */ = {isa = PBXFileReference; fileEncoding = 4; lastKnownFileType = sourcecode.c.h; path = Xcodebuild.h; sourceTree = "<group>"; };
		25279C1E19E3999900E90E1F /* Xcodebuild.m */ = {isa = PBXFileReference; fileEncoding = 4; lastKnownFileType = sourcecode.c.objc; path = Xcodebuild.m; sourceTree = "<group>"; };
		2563393519E275F200C4DD35 /* CustomFilePath.h */ = {isa = PBXFileReference; fileEncoding = 4; lastKnownFileType = sourcecode.c.h; path = CustomFilePath.h; sourceTree = "<group>"; };
		2563393B19E2767800C4DD35 /* PlistConfig.h */ = {isa = PBXFileReference; fileEncoding = 4; lastKnownFileType = sourcecode.c.h; path = PlistConfig.h; sourceTree = "<group>"; };
		2563393C19E2767800C4DD35 /* PlistConfig.m */ = {isa = PBXFileReference; fileEncoding = 4; lastKnownFileType = sourcecode.c.objc; path = PlistConfig.m; sourceTree = "<group>"; };
		2563393E19E276BD00C4DD35 /* ConfigEntity.h */ = {isa = PBXFileReference; fileEncoding = 4; lastKnownFileType = sourcecode.c.h; path = ConfigEntity.h; sourceTree = "<group>"; };
		2563393F19E276BD00C4DD35 /* ConfigEntity.m */ = {isa = PBXFileReference; fileEncoding = 4; lastKnownFileType = sourcecode.c.objc; path = ConfigEntity.m; sourceTree = "<group>"; };
		2568EF181A0A09EB00CDE884 /* publicAppMade */ = {isa = PBXFileReference; lastKnownFileType = text; path = publicAppMade; sourceTree = "<group>"; };
		2568EF1B1A0A0B9400CDE884 /* AppPublicEntity.h */ = {isa = PBXFileReference; fileEncoding = 4; lastKnownFileType = sourcecode.c.h; path = AppPublicEntity.h; sourceTree = "<group>"; };
		2568EF1C1A0A0B9400CDE884 /* AppPublicEntity.m */ = {isa = PBXFileReference; fileEncoding = 4; lastKnownFileType = sourcecode.c.objc; path = AppPublicEntity.m; sourceTree = "<group>"; };
		258701C719E223580091103B /* PacketTool */ = {isa = PBXFileReference; explicitFileType = "compiled.mach-o.executable"; includeInIndex = 0; path = PacketTool; sourceTree = BUILT_PRODUCTS_DIR; };
		258701CA19E223580091103B /* main.m */ = {isa = PBXFileReference; lastKnownFileType = sourcecode.c.objc; path = main.m; sourceTree = "<group>"; };
		258701D519E2255E0091103B /* Path.h */ = {isa = PBXFileReference; fileEncoding = 4; lastKnownFileType = sourcecode.c.h; path = Path.h; sourceTree = "<group>"; };
		258701D619E2255E0091103B /* Path.m */ = {isa = PBXFileReference; fileEncoding = 4; lastKnownFileType = sourcecode.c.objc; path = Path.m; sourceTree = "<group>"; };
		258701D819E22B0C0091103B /* Config.h */ = {isa = PBXFileReference; fileEncoding = 4; lastKnownFileType = sourcecode.c.h; path = Config.h; sourceTree = "<group>"; };
		258701D919E22B0C0091103B /* Config.m */ = {isa = PBXFileReference; fileEncoding = 4; lastKnownFileType = sourcecode.c.objc; path = Config.m; sourceTree = "<group>"; };
		258701E019E233D80091103B /* CustomConfig.h */ = {isa = PBXFileReference; fileEncoding = 4; lastKnownFileType = sourcecode.c.h; path = CustomConfig.h; sourceTree = "<group>"; };
		258701E119E233D80091103B /* CustomConfig.m */ = {isa = PBXFileReference; fileEncoding = 4; lastKnownFileType = sourcecode.c.objc; path = CustomConfig.m; sourceTree = "<group>"; };
		2587021519E242E30091103B /* ProjectConfig.h */ = {isa = PBXFileReference; fileEncoding = 4; lastKnownFileType = sourcecode.c.h; path = ProjectConfig.h; sourceTree = "<group>"; };
		2587021619E242E30091103B /* ProjectConfig.m */ = {isa = PBXFileReference; fileEncoding = 4; lastKnownFileType = sourcecode.c.objc; path = ProjectConfig.m; sourceTree = "<group>"; };
		2587021819E2446A0091103B /* CertificateParse.h */ = {isa = PBXFileReference; fileEncoding = 4; lastKnownFileType = sourcecode.c.h; path = CertificateParse.h; sourceTree = "<group>"; };
		2587021919E2446A0091103B /* CertificateParse.m */ = {isa = PBXFileReference; fileEncoding = 4; lastKnownFileType = sourcecode.c.objc; path = CertificateParse.m; sourceTree = "<group>"; };
		2587021C19E249640091103B /* TxtparseOBJ.h */ = {isa = PBXFileReference; fileEncoding = 4; lastKnownFileType = sourcecode.c.h; path = TxtparseOBJ.h; sourceTree = "<group>"; };
		2587021D19E249640091103B /* TxtparseOBJ.m */ = {isa = PBXFileReference; fileEncoding = 4; lastKnownFileType = sourcecode.c.objc; path = TxtparseOBJ.m; sourceTree = "<group>"; };
		2587022A19E2693D0091103B /* Certificate */ = {isa = PBXFileReference; fileEncoding = 4; lastKnownFileType = text; path = Certificate; sourceTree = "<group>"; };
		25A7EE7F19E4DFD6006C8F6E /* IconConfig.h */ = {isa = PBXFileReference; fileEncoding = 4; lastKnownFileType = sourcecode.c.h; path = IconConfig.h; sourceTree = "<group>"; };
		25A7EE8019E4DFD6006C8F6E /* IconConfig.m */ = {isa = PBXFileReference; fileEncoding = 4; lastKnownFileType = sourcecode.c.objc; path = IconConfig.m; sourceTree = "<group>"; };
		25FB146D19E283E6006E2079 /* customMade */ = {isa = PBXFileReference; fileEncoding = 4; lastKnownFileType = text; path = customMade; sourceTree = "<group>"; };
/* End PBXFileReference section */

/* Begin PBXFrameworksBuildPhase section */
		258701C419E223580091103B /* Frameworks */ = {
			isa = PBXFrameworksBuildPhase;
			buildActionMask = 2147483647;
			files = (
			);
			runOnlyForDeploymentPostprocessing = 0;
		};
/* End PBXFrameworksBuildPhase section */

/* Begin PBXGroup section */
		25279C1819E38E0D00E90E1F /* IpaPlist */ = {
			isa = PBXGroup;
			children = (
				25279C1919E38E2400E90E1F /* IpaPlistFactory.h */,
				25279C1A19E38E2400E90E1F /* IpaPlistFactory.m */,
			);
			name = IpaPlist;
			sourceTree = "<group>";
		};
		25279C1C19E3996900E90E1F /* Xcodebuild */ = {
			isa = PBXGroup;
			children = (
				25279C1D19E3999900E90E1F /* Xcodebuild.h */,
				25279C1E19E3999900E90E1F /* Xcodebuild.m */,
			);
			name = Xcodebuild;
			sourceTree = "<group>";
		};
		2563393419E275F200C4DD35 /* CustomMade */ = {
			isa = PBXGroup;
			children = (
				2563393519E275F200C4DD35 /* CustomFilePath.h */,
				25FB146D19E283E6006E2079 /* customMade */,
				2568EF181A0A09EB00CDE884 /* publicAppMade */,
			);
			path = CustomMade;
			sourceTree = "<group>";
		};
		2563393619E2760C00C4DD35 /* Certificate */ = {
			isa = PBXGroup;
			children = (
				2587021C19E249640091103B /* TxtparseOBJ.h */,
				2587021D19E249640091103B /* TxtparseOBJ.m */,
				2587021819E2446A0091103B /* CertificateParse.h */,
				2587021919E2446A0091103B /* CertificateParse.m */,
				2587021519E242E30091103B /* ProjectConfig.h */,
				2587021619E242E30091103B /* ProjectConfig.m */,
			);
			name = Certificate;
			sourceTree = "<group>";
		};
		2563393719E2765600C4DD35 /* Plist */ = {
			isa = PBXGroup;
			children = (
				2563393B19E2767800C4DD35 /* PlistConfig.h */,
				2563393C19E2767800C4DD35 /* PlistConfig.m */,
			);
			name = Plist;
			sourceTree = "<group>";
		};
		2568EF1A1A0A0B7800CDE884 /* Entity */ = {
			isa = PBXGroup;
			children = (
				2563393E19E276BD00C4DD35 /* ConfigEntity.h */,
				2563393F19E276BD00C4DD35 /* ConfigEntity.m */,
				2568EF1B1A0A0B9400CDE884 /* AppPublicEntity.h */,
				2568EF1C1A0A0B9400CDE884 /* AppPublicEntity.m */,
			);
			name = Entity;
			sourceTree = "<group>";
		};
		258701BE19E223580091103B = {
			isa = PBXGroup;
			children = (
				258701C919E223580091103B /* PacketTool */,
				258701C819E223580091103B /* Products */,
			);
			sourceTree = "<group>";
		};
		258701C819E223580091103B /* Products */ = {
			isa = PBXGroup;
			children = (
				258701C719E223580091103B /* PacketTool */,
			);
			name = Products;
			sourceTree = "<group>";
		};
		258701C919E223580091103B /* PacketTool */ = {
			isa = PBXGroup;
			children = (
				258701CA19E223580091103B /* main.m */,
				2563393419E275F200C4DD35 /* CustomMade */,
				258701DB19E22B850091103B /* Config */,
			);
			path = PacketTool;
			sourceTree = "<group>";
		};
		258701DB19E22B850091103B /* Config */ = {
			isa = PBXGroup;
			children = (
				25279C1619E3894800E90E1F /* 10001.plist */,
				2587022A19E2693D0091103B /* Certificate */,
				258701D519E2255E0091103B /* Path.h */,
				258701D619E2255E0091103B /* Path.m */,
				2568EF1A1A0A0B7800CDE884 /* Entity */,
				258701D819E22B0C0091103B /* Config.h */,
				258701D919E22B0C0091103B /* Config.m */,
				25A7EE7E19E4DFB3006C8F6E /* Icon */,
				25279C1C19E3996900E90E1F /* Xcodebuild */,
				25279C1819E38E0D00E90E1F /* IpaPlist */,
				2563393719E2765600C4DD35 /* Plist */,
				2563393619E2760C00C4DD35 /* Certificate */,
				258701DC19E22CDD0091103B /* CustomMde */,
			);
			name = Config;
			sourceTree = "<group>";
		};
		258701DC19E22CDD0091103B /* CustomMde */ = {
			isa = PBXGroup;
			children = (
				258701E019E233D80091103B /* CustomConfig.h */,
				258701E119E233D80091103B /* CustomConfig.m */,
			);
			name = CustomMde;
			sourceTree = "<group>";
		};
		25A7EE7E19E4DFB3006C8F6E /* Icon */ = {
			isa = PBXGroup;
			children = (
				25A7EE7F19E4DFD6006C8F6E /* IconConfig.h */,
				25A7EE8019E4DFD6006C8F6E /* IconConfig.m */,
			);
			name = Icon;
			sourceTree = "<group>";
		};
/* End PBXGroup section */

/* Begin PBXNativeTarget section */
		258701C619E223580091103B /* PacketTool */ = {
			isa = PBXNativeTarget;
			buildConfigurationList = 258701CE19E223580091103B /* Build configuration list for PBXNativeTarget "PacketTool" */;
			buildPhases = (
				258701C319E223580091103B /* Sources */,
				258701C419E223580091103B /* Frameworks */,
				258701C519E223580091103B /* CopyFiles */,
			);
			buildRules = (
			);
			dependencies = (
			);
			name = PacketTool;
			productName = PacketTool;
			productReference = 258701C719E223580091103B /* PacketTool */;
			productType = "com.apple.product-type.tool";
		};
/* End PBXNativeTarget section */

/* Begin PBXProject section */
		258701BF19E223580091103B /* Project object */ = {
			isa = PBXProject;
			attributes = {
				LastUpgradeCheck = 0600;
				ORGANIZATIONNAME = Elty;
				TargetAttributes = {
					258701C619E223580091103B = {
						CreatedOnToolsVersion = 6.0.1;
					};
				};
			};
			buildConfigurationList = 258701C219E223580091103B /* Build configuration list for PBXProject "PacketTool" */;
			compatibilityVersion = "Xcode 3.2";
			developmentRegion = English;
			hasScannedForEncodings = 0;
			knownRegions = (
				en,
			);
			mainGroup = 258701BE19E223580091103B;
			productRefGroup = 258701C819E223580091103B /* Products */;
			projectDirPath = "";
			projectRoot = "";
			targets = (
				258701C619E223580091103B /* PacketTool */,
			);
		};
/* End PBXProject section */

/* Begin PBXSourcesBuildPhase section */
		258701C319E223580091103B /* Sources */ = {
			isa = PBXSourcesBuildPhase;
			buildActionMask = 2147483647;
			files = (
				2563393D19E2767900C4DD35 /* PlistConfig.m in Sources */,
				25279C1F19E3999900E90E1F /* Xcodebuild.m in Sources */,
				2587021A19E2446A0091103B /* CertificateParse.m in Sources */,
				258701E219E233D80091103B /* CustomConfig.m in Sources */,
				258701D719E2255E0091103B /* Path.m in Sources */,
				258701DA19E22B0C0091103B /* Config.m in Sources */,
				25A7EE8119E4DFD6006C8F6E /* IconConfig.m in Sources */,
				258701CB19E223580091103B /* main.m in Sources */,
				2587021E19E249640091103B /* TxtparseOBJ.m in Sources */,
				2568EF1D1A0A0B9400CDE884 /* AppPublicEntity.m in Sources */,
				25279C1B19E38E2400E90E1F /* IpaPlistFactory.m in Sources */,
				2563394019E276BD00C4DD35 /* ConfigEntity.m in Sources */,
				2587021719E242E30091103B /* ProjectConfig.m in Sources */,
			);
			runOnlyForDeploymentPostprocessing = 0;
		};
/* End PBXSourcesBuildPhase section */

/* Begin XCBuildConfiguration section */
		258701CC19E223580091103B /* Debug */ = {
			isa = XCBuildConfiguration;
			buildSettings = {
				ALWAYS_SEARCH_USER_PATHS = NO;
				CLANG_CXX_LANGUAGE_STANDARD = "gnu++0x";
				CLANG_CXX_LIBRARY = "libc++";
				CLANG_ENABLE_MODULES = YES;
				CLANG_ENABLE_OBJC_ARC = NO;
				CLANG_WARN_BOOL_CONVERSION = YES;
				CLANG_WARN_CONSTANT_CONVERSION = YES;
				CLANG_WARN_DIRECT_OBJC_ISA_USAGE = YES_ERROR;
				CLANG_WARN_EMPTY_BODY = YES;
				CLANG_WARN_ENUM_CONVERSION = YES;
				CLANG_WARN_INT_CONVERSION = YES;
				CLANG_WARN_OBJC_ROOT_CLASS = YES_ERROR;
				CLANG_WARN_UNREACHABLE_CODE = YES;
				CLANG_WARN__DUPLICATE_METHOD_MATCH = YES;
				COPY_PHASE_STRIP = NO;
				ENABLE_STRICT_OBJC_MSGSEND = YES;
				GCC_C_LANGUAGE_STANDARD = gnu99;
				GCC_DYNAMIC_NO_PIC = NO;
				GCC_OPTIMIZATION_LEVEL = 0;
				GCC_PREPROCESSOR_DEFINITIONS = (
					"DEBUG=1",
					"$(inherited)",
				);
				GCC_SYMBOLS_PRIVATE_EXTERN = NO;
				GCC_WARN_64_TO_32_BIT_CONVERSION = YES;
				GCC_WARN_ABOUT_RETURN_TYPE = YES_ERROR;
				GCC_WARN_UNDECLARED_SELECTOR = YES;
				GCC_WARN_UNINITIALIZED_AUTOS = YES_AGGRESSIVE;
				GCC_WARN_UNUSED_FUNCTION = YES;
				GCC_WARN_UNUSED_VARIABLE = YES;
				MACOSX_DEPLOYMENT_TARGET = 10.9;
				MTL_ENABLE_DEBUG_INFO = YES;
				ONLY_ACTIVE_ARCH = YES;
				SDKROOT = macosx;
			};
			name = Debug;
		};
		258701CD19E223580091103B /* Release */ = {
			isa = XCBuildConfiguration;
			buildSettings = {
				ALWAYS_SEARCH_USER_PATHS = NO;
				CLANG_CXX_LANGUAGE_STANDARD = "gnu++0x";
				CLANG_CXX_LIBRARY = "libc++";
				CLANG_ENABLE_MODULES = YES;
				CLANG_ENABLE_OBJC_ARC = NO;
				CLANG_WARN_BOOL_CONVERSION = YES;
				CLANG_WARN_CONSTANT_CONVERSION = YES;
				CLANG_WARN_DIRECT_OBJC_ISA_USAGE = YES_ERROR;
				CLANG_WARN_EMPTY_BODY = YES;
				CLANG_WARN_ENUM_CONVERSION = YES;
				CLANG_WARN_INT_CONVERSION = YES;
				CLANG_WARN_OBJC_ROOT_CLASS = YES_ERROR;
				CLANG_WARN_UNREACHABLE_CODE = YES;
				CLANG_WARN__DUPLICATE_METHOD_MATCH = YES;
				COPY_PHASE_STRIP = YES;
				DEBUG_INFORMATION_FORMAT = "dwarf-with-dsym";
				ENABLE_NS_ASSERTIONS = NO;
				ENABLE_STRICT_OBJC_MSGSEND = YES;
				GCC_C_LANGUAGE_STANDARD = gnu99;
				GCC_WARN_64_TO_32_BIT_CONVERSION = YES;
				GCC_WARN_ABOUT_RETURN_TYPE = YES_ERROR;
				GCC_WARN_UNDECLARED_SELECTOR = YES;
				GCC_WARN_UNINITIALIZED_AUTOS = YES_AGGRESSIVE;
				GCC_WARN_UNUSED_FUNCTION = YES;
				GCC_WARN_UNUSED_VARIABLE = YES;
				MACOSX_DEPLOYMENT_TARGET = 10.9;
				MTL_ENABLE_DEBUG_INFO = NO;
				SDKROOT = macosx;
			};
			name = Release;
		};
		258701CF19E223580091103B /* Debug */ = {
			isa = XCBuildConfiguration;
			buildSettings = {
				PRODUCT_NAME = "$(TARGET_NAME)";
			};
			name = Debug;
		};
		258701D019E223580091103B /* Release */ = {
			isa = XCBuildConfiguration;
			buildSettings = {
				PRODUCT_NAME = "$(TARGET_NAME)";
			};
			name = Release;
		};
/* End XCBuildConfiguration section */

/* Begin XCConfigurationList section */
		258701C219E223580091103B /* Build configuration list for PBXProject "PacketTool" */ = {
			isa = XCConfigurationList;
			buildConfigurations = (
				258701CC19E223580091103B /* Debug */,
				258701CD19E223580091103B /* Release */,
			);
			defaultConfigurationIsVisible = 0;
			defaultConfigurationName = Release;
		};
		258701CE19E223580091103B /* Build configuration list for PBXNativeTarget "PacketTool" */ = {
			isa = XCConfigurationList;
			buildConfigurations = (
				258701CF19E223580091103B /* Debug */,
				258701D019E223580091103B /* Release */,
			);
			defaultConfigurationIsVisible = 0;
			defaultConfigurationName = Release;
		};
/* End XCConfigurationList section */
	};
	rootObject = 258701BF19E223580091103B /* Project object */;
}
